
Microsoft Visual Studio Solution File, Format Version 12.00
# Visual Studio Version 16
VisualStudioVersion = 16.0.30804.86
MinimumVisualStudioVersion = 10.0.40219.1
Project("{FAE04EC0-301F-11D3-BF4B-00C04F79EFBC}") = "UsingSoapRequestHttp.ConsoleApp", "UsingSoapRequestHttp.ConsoleApp\UsingSoapRequestHttp.ConsoleApp.csproj", "{D06844A8-1AF6-4AD9-8AF2-3F3C8503FE97}"
EndProject
Global
	GlobalSection(SolutionConfigurationPlatforms) = preSolution
		Debug|Any CPU = Debug|Any CPU
		Release|Any CPU = Release|Any CPU
	EndGlobalSection
	GlobalSection(ProjectConfigurationPlatforms) = postSolution
		{D06844A8-1AF6-4AD9-8AF2-3F3C8503FE97}.Debug|Any CPU.ActiveCfg = Debug|Any CPU
		{D06844A8-1AF6-4AD9-8AF2-3F3C8503FE97}.Debug|Any CPU.Build.0 = Debug|Any CPU
		{D06844A8-1AF6-4AD9-8AF2-3F3C8503FE97}.Release|Any CPU.ActiveCfg = Release|Any CPU
		{D06844A8-1AF6-4AD9-8AF2-3F3C8503FE97}.Release|Any CPU.Build.0 = Release|Any CPU
	EndGlobalSection
	GlobalSection(SolutionProperties) = preSolution
		HideSolutionNode = FALSE
	EndGlobalSection
	GlobalSection(ExtensibilityGlobals) = postSolution
		SolutionGuid = {380CB944-1747-4A43-BE26-99703320AE24}
	EndGlobalSection
EndGlobal
